# skilltree.lock -- DO NOT EDIT MANUALLY
# Generated by skilltree v0.18.1
lockfile_version: 1
packages:
  agent-to-langgraph:
    type: agent
    group: dev
    path: ./agents/dev/agent-to-langgraph.md
    commit: HEAD
    dependencies:
      - cy-language-programming
    source: local
  cy-script-segment-tester:
    type: agent
    group: prod
    path: ./agents/source/cy-script-segment-tester.md
    commit: HEAD
    dependencies: []
    source: local
  cybersec-task-builder:
    type: agent
    group: prod
    path: ./agents/source/cybersec-task-builder.md
    commit: HEAD
    dependencies:
      - cy-language-programming
      - cybersecurity-analyst
      - hypothesis-building-task
      - splunk-spl-writer-basic
      - task-builder
      - task-naming
    source: local
  runbook-match-agent:
    type: agent
    group: prod
    path: ./agents/source/runbook-match-agent.md
    commit: HEAD
    dependencies:
      - cybersecurity-analyst
      - runbooks-manager
    source: local
  runbook-to-task-proposals:
    type: agent
    group: prod
    path: ./agents/source/runbook-to-task-proposals.md
    commit: HEAD
    dependencies:
      - hypothesis-building-task
      - runbook-to-workflow
      - workflow-builder
    source: local
  splunk-spl-writer-basic:
    type: agent
    group: prod
    path: ./agents/source/splunk-spl-writer-basic.md
    commit: HEAD
    dependencies:
      - splunk-skill
      - task-builder
    source: local
  workflow-builder-agent:
    type: agent
    group: prod
    path: ./agents/source/workflow-builder.md
    commit: HEAD
    dependencies:
      - task-builder
    source: local
    name: workflow-builder
  abuseipdb-integration:
    type: skill
    group: prod
    path: ./skills/source/abuseipdb-integration
    commit: HEAD
    dependencies: []
    source: local
  ad-ldap-integration:
    type: skill
    group: prod
    path: ./skills/source/ad-ldap-integration
    commit: HEAD
    dependencies: []
    source: local
  cy-language-programming:
    type: skill
    group: prod
    path: src/cy_language/bundled_skills/cy-language-programming
    commit: e1f5df5ad6d467478d5e3f236f28d16ceb3d0ca9
    dependencies: []
    repo: github.com/open-analysi/cy-language
    version: 1.1.2
    integrity: sha256-2382fed0c9ec45d0bce1271c6138165bc8af73d881986ae03db34f7fb014acb2
  cybersecurity-analyst:
    type: skill
    group: prod
    path: skills/cybersecurity-analyst
    commit: 34ee0808d3f0212b26eca28133d240994ac3ade8
    dependencies: []
    repo: github.com/imarios/open-vibes
    version: 1.7.0
    integrity: sha256-51e2f4372daa06ad0ec55adb34dfed264eb66c4cf6ec8cd736425836b44fb945
  docker-dev:
    type: skill
    group: dev
    path: skills/docker-dev
    commit: 34ee0808d3f0212b26eca28133d240994ac3ade8
    dependencies: []
    repo: github.com/imarios/open-vibes
    version: 1.7.0
    integrity: sha256-d087216cb22ed44f71f0034e88d6aa423a61ee1a274b39350e01682016bb8660
  echo-edr-integration:
    type: skill
    group: prod
    path: ./skills/source/echo-edr-integration
    commit: HEAD
    dependencies: []
    source: local
  fastapi-coding:
    type: skill
    group: dev
    path: skills/fastapi-coding
    commit: 34ee0808d3f0212b26eca28133d240994ac3ade8
    dependencies: []
    repo: github.com/imarios/open-vibes
    version: 1.7.0
    integrity: sha256-18da57badf056a0a231bf3d7401b6695a333ae604c42f0870b7cf228038d5eaa
  frontend-coding:
    type: skill
    group: dev
    path: skills/frontend-coding
    commit: 34ee0808d3f0212b26eca28133d240994ac3ade8
    dependencies:
      - typescript-coding
    repo: github.com/imarios/open-vibes
    version: 1.7.0
    integrity: sha256-3c58ce8244c1884fbbc48d41aea1b4755b08b9b1fe4a2b75681e972df20d9336
  frontend-design:
    type: skill
    group: dev
    path: skills/frontend-design
    commit: 98669c11ca63e9c81c11501e1437e5c47b556621
    dependencies: []
    repo: github.com/anthropics/skills
    integrity: sha256-e70f6ce05826c48df38e09531f6adec38371f66bf6ac858faa82b2007521e7a9
  general-coding:
    type: skill
    group: dev
    path: skills/general-coding
    commit: 34ee0808d3f0212b26eca28133d240994ac3ade8
    dependencies: []
    repo: github.com/imarios/open-vibes
    version: 1.7.0
    integrity: sha256-6bdee69216e34318ff7fdda4fefd37b66d19ff0d54287cade9825b0aef31f91d
  global-dns-integration:
    type: skill
    group: prod
    path: ./skills/source/global-dns-integration
    commit: HEAD
    dependencies: []
    source: local
  hypothesis-building-task:
    type: skill
    group: prod
    path: ./skills/source/hypothesis-building-task
    commit: HEAD
    dependencies: []
    source: local
  integrations-developer:
    type: skill
    group: dev
    path: ./skills/dev/integrations-developer
    commit: HEAD
    dependencies:
      - task-builder
    source: local
  kubernetes:
    type: skill
    group: dev
    path: skills/kubernetes
    commit: 34ee0808d3f0212b26eca28133d240994ac3ade8
    dependencies: []
    repo: github.com/imarios/open-vibes
    version: 1.7.0
    integrity: sha256-057442d190a70855499d9cca914c730e633d8a64fcb8a924b17f1618b0cee04f
  mac-vendors-integration:
    type: skill
    group: prod
    path: ./skills/source/mac-vendors-integration
    commit: HEAD
    dependencies: []
    source: local
  nistnvd-integration:
    type: skill
    group: prod
    path: ./skills/source/nistnvd-integration
    commit: HEAD
    dependencies: []
    source: local
  ocsf-detection-finding:
    type: skill
    group: prod
    path: skills/ocsf-detection-finding
    commit: 34ee0808d3f0212b26eca28133d240994ac3ade8
    dependencies: []
    repo: github.com/imarios/open-vibes
    version: 1.7.0
    integrity: sha256-425bd3848485c265e21c0f4133d56b9af44fd2a34b53310a28a2057cc881c4d3
  python-coding:
    type: skill
    group: dev
    path: skills/python-coding
    commit: 34ee0808d3f0212b26eca28133d240994ac3ade8
    dependencies: []
    repo: github.com/imarios/open-vibes
    version: 1.7.0
    integrity: sha256-01b5a9040641be1d421345282fc275c3400918459444def4dce2d9468e936cbc
  qrcode-integration:
    type: skill
    group: prod
    path: ./skills/source/qrcode-integration
    commit: HEAD
    dependencies: []
    source: local
  runbook-to-workflow:
    type: skill
    group: prod
    path: ./skills/source/runbook-to-workflow
    commit: HEAD
    dependencies:
      - cy-language-programming
      - runbooks-manager
      - task-builder
      - task-naming
      - workflow-builder
    source: local
  runbooks-manager:
    type: skill
    group: prod
    path: ./skills/source/runbooks-manager
    commit: HEAD
    dependencies: []
    source: local
  slack-integration:
    type: skill
    group: prod
    path: ./skills/source/slack-integration
    commit: HEAD
    dependencies: []
    source: local
  splunk-skill:
    type: skill
    group: prod
    path: skills/splunk-skill
    commit: 34ee0808d3f0212b26eca28133d240994ac3ade8
    dependencies: []
    repo: github.com/imarios/open-vibes
    version: 1.7.0
    integrity: sha256-e9820f445b39d48266a54320112e4389d6e745feb6e4f82587c06b8770c55a1b
  task-builder:
    type: skill
    group: prod
    path: ./skills/source/task-builder
    commit: HEAD
    dependencies:
      - cy-language-programming
      - cybersecurity-analyst
      - hypothesis-building-task
      - task-naming
    source: local
  task-naming:
    type: skill
    group: prod
    path: ./skills/source/task-naming
    commit: HEAD
    dependencies: []
    source: local
  terraform-security-review:
    type: skill
    group: dev
    path: skills/terraform-security-review
    commit: 34ee0808d3f0212b26eca28133d240994ac3ade8
    dependencies: []
    repo: github.com/imarios/open-vibes
    version: 1.7.0
    integrity: sha256-4dcf2948a7ddcccc4e4e219245034b74194ae5c14654fca8989a78320309820b
  test-writer-fixer:
    type: skill
    group: dev
    path: ./skills/dev/test-writer-fixer
    commit: HEAD
    dependencies: []
    source: local
  tor-integration:
    type: skill
    group: prod
    path: ./skills/source/tor-integration
    commit: HEAD
    dependencies: []
    source: local
  typescript-coding:
    type: skill
    group: dev
    path: skills/typescript-coding
    commit: 34ee0808d3f0212b26eca28133d240994ac3ade8
    dependencies: []
    repo: github.com/imarios/open-vibes
    version: 1.7.0
    integrity: sha256-9f1910a93f86eaff95d568cd1c72e29d03ed1324b20837ed7caca1840f96cbd8
  unshortenme-integration:
    type: skill
    group: prod
    path: ./skills/source/unshortenme-integration
    commit: HEAD
    dependencies: []
    source: local
  virustotal-integration:
    type: skill
    group: prod
    path: ./skills/source/virustotal-integration
    commit: HEAD
    dependencies: []
    source: local
  whois-rdap-integration:
    type: skill
    group: prod
    path: ./skills/source/whois-rdap-integration
    commit: HEAD
    dependencies: []
    source: local
  workflow-builder:
    type: skill
    group: prod
    path: ./skills/source/workflow-builder
    commit: HEAD
    dependencies:
      - task-builder
    source: local
install_targets:
  - .claude
